Microsoft Visual Studio Solution File, Format Version 12.00
# Visual Studio Version 17
VisualStudioVersion = 17.5.2.0
MinimumVisualStudioVersion = 10.0.40219.1
Project("{FAE04EC0-301F-11D3-BF4B-00C04F79EFBC}") = "ServiceScope", "ServiceScope\ServiceScope.csproj", "{BF8A528B-50E9-ABEF-0611-3FC15866C668}"
EndProject
Project("{FAE04EC0-301F-11D3-BF4B-00C04F79EFBC}") = "ConsoleServiceScope", "ConsoleServiceScope\ConsoleServiceScope.csproj", "{F371105B-4B2F-4955-91FC-B176F8A98027}"
EndProject
Project("{FAE04EC0-301F-11D3-BF4B-00C04F79EFBC}") = "TestProject1", "Tests\TestProject1\TestProject1.csproj", "{D2478A40-DA5E-4DF6-AD0A-CE6D5D09D0A7}"
EndProject
Global
	GlobalSection(SolutionConfigurationPlatforms) = preSolution
		Debug|Any CPU = Debug|Any CPU
		Release|Any CPU = Release|Any CPU
	EndGlobalSection
	GlobalSection(ProjectConfigurationPlatforms) = postSolution
		{BF8A528B-50E9-ABEF-0611-3FC15866C668}.Debug|Any CPU.ActiveCfg = Debug|Any CPU
		{BF8A528B-50E9-ABEF-0611-3FC15866C668}.Debug|Any CPU.Build.0 = Debug|Any CPU
		{BF8A528B-50E9-ABEF-0611-3FC15866C668}.Release|Any CPU.ActiveCfg = Release|Any CPU
		{BF8A528B-50E9-ABEF-0611-3FC15866C668}.Release|Any CPU.Build.0 = Release|Any CPU
		{F371105B-4B2F-4955-91FC-B176F8A98027}.Debug|Any CPU.ActiveCfg = Debug|Any CPU
		{F371105B-4B2F-4955-91FC-B176F8A98027}.Debug|Any CPU.Build.0 = Debug|Any CPU
		{F371105B-4B2F-4955-91FC-B176F8A98027}.Release|Any CPU.ActiveCfg = Release|Any CPU
		{F371105B-4B2F-4955-91FC-B176F8A98027}.Release|Any CPU.Build.0 = Release|Any CPU
		{D2478A40-DA5E-4DF6-AD0A-CE6D5D09D0A7}.Debug|Any CPU.ActiveCfg = Debug|Any CPU
		{D2478A40-DA5E-4DF6-AD0A-CE6D5D09D0A7}.Debug|Any CPU.Build.0 = Debug|Any CPU
		{D2478A40-DA5E-4DF6-AD0A-CE6D5D09D0A7}.Release|Any CPU.ActiveCfg = Release|Any CPU
		{D2478A40-DA5E-4DF6-AD0A-CE6D5D09D0A7}.Release|Any CPU.Build.0 = Release|Any CPU
	EndGlobalSection
	GlobalSection(SolutionProperties) = preSolution
		HideSolutionNode = FALSE
	EndGlobalSection
	GlobalSection(ExtensibilityGlobals) = postSolution
		SolutionGuid = {CCA6651F-D573-4F79-AA2D-5D011051CC9D}
	EndGlobalSection
EndGlobal
